
Microsoft Visual Studio Solution File, Format Version 12.00
# Visual Studio Version 17
VisualStudioVersion = 17.7.34031.279
MinimumVisualStudioVersion = 10.0.40219.1
Project("{FAE04EC0-301F-11D3-BF4B-00C04F79EFBC}") = "Day8", "Day8\Day8.csproj", "{0D37F04F-ECAA-4789-8016-B5ED93FB8103}"
EndProject
Global
	GlobalSection(SolutionConfigurationPlatforms) = preSolution
		Debug|Any CPU = Debug|Any CPU
		Release|Any CPU = Release|Any CPU
	EndGlobalSection
	GlobalSection(ProjectConfigurationPlatforms) = postSolution
		{0D37F04F-ECAA-4789-8016-B5ED93FB8103}.Debug|Any CPU.ActiveCfg = Debug|Any CPU
		{0D37F04F-ECAA-4789-8016-B5ED93FB8103}.Debug|Any CPU.Build.0 = Debug|Any CPU
		{0D37F04F-ECAA-4789-8016-B5ED93FB8103}.Release|Any CPU.ActiveCfg = Release|Any CPU
		{0D37F04F-ECAA-4789-8016-B5ED93FB8103}.Release|Any CPU.Build.0 = Release|Any CPU
	EndGlobalSection
	GlobalSection(SolutionProperties) = preSolution
		HideSolutionNode = FALSE
	EndGlobalSection
	GlobalSection(ExtensibilityGlobals) = postSolution
		SolutionGuid = {458CCF12-E06B-4616-925C-07C0B0B24564}
	EndGlobalSection
EndGlobal
